github.com/aws/aws-lambda-go v1.41.0 h1:l/5fyVb6Ud9uYd411xdHZzSf2n86TakxzpvIoz7l+3Y=
github.com/aws/aws-lambda-go v1.41.0/go.mod h1:jwFe2KmMsHmffA1X2R09hH6lFzJQxzI8qK17ewzbQMM=
github.com/awslabs/aws-lambda-go-api-proxy v0.16.2 h1:CJyGEyO1CIwOnXTU40urf0mchf6t3voxpvUDikOU9LY=
github.com/awslabs/aws-lambda-go-api-proxy v0.16.2/go.mod h1:vxxjwBHe/KbgFeNlAP/Tvp4SsVRL3WQamcWRxqVh0z0=
